
Microsoft Visual Studio Solution File, Format Version 12.00
# Visual Studio 15
VisualStudioVersion = 15.0.28307.1321
MinimumVisualStudioVersion = 10.0.40219.1
Project("{F14B399A-7131-4C87-9E4B-1186C45EF12D}") = "Report Project6", "Report Project6\Report Project6.rptproj", "{43714653-A1D7-4FB4-8909-B5145A61FCF4}"
EndProject
Global
	GlobalSection(SolutionConfigurationPlatforms) = preSolution
		Debug|Default = Debug|Default
		DebugLocal|Default = DebugLocal|Default
		Release|Default = Release|Default
	EndGlobalSection
	GlobalSection(ProjectConfigurationPlatforms) = postSolution
		{43714653-A1D7-4FB4-8909-B5145A61FCF4}.Debug|Default.ActiveCfg = Debug
		{43714653-A1D7-4FB4-8909-B5145A61FCF4}.Debug|Default.Build.0 = Debug
		{43714653-A1D7-4FB4-8909-B5145A61FCF4}.Debug|Default.Deploy.0 = Debug
		{43714653-A1D7-4FB4-8909-B5145A61FCF4}.DebugLocal|Default.ActiveCfg = DebugLocal
		{43714653-A1D7-4FB4-8909-B5145A61FCF4}.DebugLocal|Default.Build.0 = DebugLocal
		{43714653-A1D7-4FB4-8909-B5145A61FCF4}.Release|Default.ActiveCfg = Release
		{43714653-A1D7-4FB4-8909-B5145A61FCF4}.Release|Default.Build.0 = Release
		{43714653-A1D7-4FB4-8909-B5145A61FCF4}.Release|Default.Deploy.0 = Release
	EndGlobalSection
	GlobalSection(SolutionProperties) = preSolution
		HideSolutionNode = FALSE
	EndGlobalSection
	GlobalSection(ExtensibilityGlobals) = postSolution
		SolutionGuid = {D1DB0B0E-CE6B-4861-BC68-4F5CAFF516A4}
	EndGlobalSection
EndGlobal
